
Microsoft Visual Studio Solution File, Format Version 12.00
# Visual Studio Version 17
VisualStudioVersion = 17.0.31903.59
MinimumVisualStudioVersion = 10.0.40219.1
Project("{2150E333-8FDC-42A3-9474-1A3956D46DE8}") = "src", "src", "{827E0CD3-B72D-47B6-A68D-7590B98EB39B}"
EndProject
Project("{FAE04EC0-301F-11D3-BF4B-00C04F79EFBC}") = "AIX.Tenant.Api", "src\AIX.Tenant.Api\AIX.Tenant.Api.csproj", "{6AD890F2-CE3C-48E7-AEAE-0384823F00EC}"
EndProject
Project("{FAE04EC0-301F-11D3-BF4B-00C04F79EFBC}") = "AIX.Business.Api", "src\AIX.Business.Api\AIX.Business.Api.csproj", "{D5524E20-A9F6-4B36-BC98-F30DE3BFFD82}"
EndProject
Project("{FAE04EC0-301F-11D3-BF4B-00C04F79EFBC}") = "AIX.SharedKernel", "src\AIX.SharedKernel\AIX.SharedKernel.csproj", "{E6D9A6AA-687F-4CFC-A19B-43D3D6414C95}"
EndProject
Project("{FAE04EC0-301F-11D3-BF4B-00C04F79EFBC}") = "AIX.Documents.Domain", "src\AIX.Documents.Domain\AIX.Documents.Domain.csproj", "{9A1131FE-BEEC-40B8-8887-0BBA785E348E}"
EndProject
Project("{FAE04EC0-301F-11D3-BF4B-00C04F79EFBC}") = "AIX.Security.Domain", "src\AIX.Security.Domain\AIX.Security.Domain.csproj", "{3CB6D4BB-E768-4F04-98BA-B7E23F5185BD}"
EndProject
Project("{FAE04EC0-301F-11D3-BF4B-00C04F79EFBC}") = "AIX.Application", "src\AIX.Application\AIX.Application.csproj", "{46CCA13A-1E23-4E0A-976A-494AAE5B1E7A}"
EndProject
Project("{FAE04EC0-301F-11D3-BF4B-00C04F79EFBC}") = "AIX.Infrastructure", "src\AIX.Infrastructure\AIX.Infrastructure.csproj", "{A75A2140-8D64-41EF-AB3F-841C243E4DE4}"
EndProject
Project("{FAE04EC0-301F-11D3-BF4B-00C04F79EFBC}") = "AIX.Tenant.Api.Tests", "tests\AIX.Tenant.Api.Tests\AIX.Tenant.Api.Tests.csproj", "{DCF872D9-04AA-4C35-A99C-592C982AE55F}"
EndProject
Project("{FAE04EC0-301F-11D3-BF4B-00C04F79EFBC}") = "AIX.Business.Api.Tests", "tests\AIX.Business.Api.Tests\AIX.Business.Api.Tests.csproj", "{29813008-50BD-4DBB-B73C-76FDDE87D426}"
EndProject
Project("{FAE04EC0-301F-11D3-BF4B-00C04F79EFBC}") = "AIX.Documents.Domain.Tests", "tests\AIX.Documents.Domain.Tests\AIX.Documents.Domain.Tests.csproj", "{257089CC-F641-438E-9EA5-CD7F9C903FFB}"
EndProject
Project("{FAE04EC0-301F-11D3-BF4B-00C04F79EFBC}") = "AIX.Security.Domain.Tests", "tests\AIX.Security.Domain.Tests\AIX.Security.Domain.Tests.csproj", "{651CE5E9-8CDC-4279-8458-43D54EB00996}"
EndProject
Project("{FAE04EC0-301F-11D3-BF4B-00C04F79EFBC}") = "AIX.Application.Tests", "tests\AIX.Application.Tests\AIX.Application.Tests.csproj", "{DF18F69C-BB15-473A-A176-1417B8251846}"
EndProject
Global
	GlobalSection(SolutionConfigurationPlatforms) = preSolution
		Debug|Any CPU = Debug|Any CPU
		Debug|x64 = Debug|x64
		Debug|x86 = Debug|x86
		Release|Any CPU = Release|Any CPU
		Release|x64 = Release|x64
		Release|x86 = Release|x86
	EndGlobalSection
	GlobalSection(ProjectConfigurationPlatforms) = postSolution
		{6AD890F2-CE3C-48E7-AEAE-0384823F00EC}.Debug|Any CPU.ActiveCfg = Debug|Any CPU
		{6AD890F2-CE3C-48E7-AEAE-0384823F00EC}.Debug|Any CPU.Build.0 = Debug|Any CPU
		{6AD890F2-CE3C-48E7-AEAE-0384823F00EC}.Debug|x64.ActiveCfg = Debug|Any CPU
		{6AD890F2-CE3C-48E7-AEAE-0384823F00EC}.Debug|x64.Build.0 = Debug|Any CPU
		{6AD890F2-CE3C-48E7-AEAE-0384823F00EC}.Debug|x86.ActiveCfg = Debug|Any CPU
		{6AD890F2-CE3C-48E7-AEAE-0384823F00EC}.Debug|x86.Build.0 = Debug|Any CPU
		{6AD890F2-CE3C-48E7-AEAE-0384823F00EC}.Release|Any CPU.ActiveCfg = Release|Any CPU
		{6AD890F2-CE3C-48E7-AEAE-0384823F00EC}.Release|Any CPU.Build.0 = Release|Any CPU
		{6AD890F2-CE3C-48E7-AEAE-0384823F00EC}.Release|x64.ActiveCfg = Release|Any CPU
		{6AD890F2-CE3C-48E7-AEAE-0384823F00EC}.Release|x64.Build.0 = Release|Any CPU
		{6AD890F2-CE3C-48E7-AEAE-0384823F00EC}.Release|x86.ActiveCfg = Release|Any CPU
		{6AD890F2-CE3C-48E7-AEAE-0384823F00EC}.Release|x86.Build.0 = Release|Any CPU
		{D5524E20-A9F6-4B36-BC98-F30DE3BFFD82}.Debug|Any CPU.ActiveCfg = Debug|Any CPU
		{D5524E20-A9F6-4B36-BC98-F30DE3BFFD82}.Debug|Any CPU.Build.0 = Debug|Any CPU
		{D5524E20-A9F6-4B36-BC98-F30DE3BFFD82}.Debug|x64.ActiveCfg = Debug|Any CPU
		{D5524E20-A9F6-4B36-BC98-F30DE3BFFD82}.Debug|x64.Build.0 = Debug|Any CPU
		{D5524E20-A9F6-4B36-BC98-F30DE3BFFD82}.Debug|x86.ActiveCfg = Debug|Any CPU
		{D5524E20-A9F6-4B36-BC98-F30DE3BFFD82}.Debug|x86.Build.0 = Debug|Any CPU
		{D5524E20-A9F6-4B36-BC98-F30DE3BFFD82}.Release|Any CPU.ActiveCfg = Release|Any CPU
		{D5524E20-A9F6-4B36-BC98-F30DE3BFFD82}.Release|Any CPU.Build.0 = Release|Any CPU
		{D5524E20-A9F6-4B36-BC98-F30DE3BFFD82}.Release|x64.ActiveCfg = Release|Any CPU
		{D5524E20-A9F6-4B36-BC98-F30DE3BFFD82}.Release|x64.Build.0 = Release|Any CPU
		{D5524E20-A9F6-4B36-BC98-F30DE3BFFD82}.Release|x86.ActiveCfg = Release|Any CPU
		{D5524E20-A9F6-4B36-BC98-F30DE3BFFD82}.Release|x86.Build.0 = Release|Any CPU
		{E6D9A6AA-687F-4CFC-A19B-43D3D6414C95}.Debug|Any CPU.ActiveCfg = Debug|Any CPU
		{E6D9A6AA-687F-4CFC-A19B-43D3D6414C95}.Debug|Any CPU.Build.0 = Debug|Any CPU
		{E6D9A6AA-687F-4CFC-A19B-43D3D6414C95}.Debug|x64.ActiveCfg = Debug|Any CPU
		{E6D9A6AA-687F-4CFC-A19B-43D3D6414C95}.Debug|x64.Build.0 = Debug|Any CPU
		{E6D9A6AA-687F-4CFC-A19B-43D3D6414C95}.Debug|x86.ActiveCfg = Debug|Any CPU
		{E6D9A6AA-687F-4CFC-A19B-43D3D6414C95}.Debug|x86.Build.0 = Debug|Any CPU
		{E6D9A6AA-687F-4CFC-A19B-43D3D6414C95}.Release|Any CPU.ActiveCfg = Release|Any CPU
		{E6D9A6AA-687F-4CFC-A19B-43D3D6414C95}.Release|Any CPU.Build.0 = Release|Any CPU
		{E6D9A6AA-687F-4CFC-A19B-43D3D6414C95}.Release|x64.ActiveCfg = Release|Any CPU
		{E6D9A6AA-687F-4CFC-A19B-43D3D6414C95}.Release|x64.Build.0 = Release|Any CPU
		{E6D9A6AA-687F-4CFC-A19B-43D3D6414C95}.Release|x86.ActiveCfg = Release|Any CPU
		{E6D9A6AA-687F-4CFC-A19B-43D3D6414C95}.Release|x86.Build.0 = Release|Any CPU
		{9A1131FE-BEEC-40B8-8887-0BBA785E348E}.Debug|Any CPU.ActiveCfg = Debug|Any CPU
		{9A1131FE-BEEC-40B8-8887-0BBA785E348E}.Debug|Any CPU.Build.0 = Debug|Any CPU
		{9A1131FE-BEEC-40B8-8887-0BBA785E348E}.Debug|x64.ActiveCfg = Debug|Any CPU
		{9A1131FE-BEEC-40B8-8887-0BBA785E348E}.Debug|x64.Build.0 = Debug|Any CPU
		{9A1131FE-BEEC-40B8-8887-0BBA785E348E}.Debug|x86.ActiveCfg = Debug|Any CPU
		{9A1131FE-BEEC-40B8-8887-0BBA785E348E}.Debug|x86.Build.0 = Debug|Any CPU
		{9A1131FE-BEEC-40B8-8887-0BBA785E348E}.Release|Any CPU.ActiveCfg = Release|Any CPU
		{9A1131FE-BEEC-40B8-8887-0BBA785E348E}.Release|Any CPU.Build.0 = Release|Any CPU
		{9A1131FE-BEEC-40B8-8887-0BBA785E348E}.Release|x64.ActiveCfg = Release|Any CPU
		{9A1131FE-BEEC-40B8-8887-0BBA785E348E}.Release|x64.Build.0 = Release|Any CPU
		{9A1131FE-BEEC-40B8-8887-0BBA785E348E}.Release|x86.ActiveCfg = Release|Any CPU
		{9A1131FE-BEEC-40B8-8887-0BBA785E348E}.Release|x86.Build.0 = Release|Any CPU
		{3CB6D4BB-E768-4F04-98BA-B7E23F5185BD}.Debug|Any CPU.ActiveCfg = Debug|Any CPU
		{3CB6D4BB-E768-4F04-98BA-B7E23F5185BD}.Debug|Any CPU.Build.0 = Debug|Any CPU
		{3CB6D4BB-E768-4F04-98BA-B7E23F5185BD}.Debug|x64.ActiveCfg = Debug|Any CPU
		{3CB6D4BB-E768-4F04-98BA-B7E23F5185BD}.Debug|x64.Build.0 = Debug|Any CPU
		{3CB6D4BB-E768-4F04-98BA-B7E23F5185BD}.Debug|x86.ActiveCfg = Debug|Any CPU
		{3CB6D4BB-E768-4F04-98BA-B7E23F5185BD}.Debug|x86.Build.0 = Debug|Any CPU
		{3CB6D4BB-E768-4F04-98BA-B7E23F5185BD}.Release|Any CPU.ActiveCfg = Release|Any CPU
		{3CB6D4BB-E768-4F04-98BA-B7E23F5185BD}.Release|Any CPU.Build.0 = Release|Any CPU
		{3CB6D4BB-E768-4F04-98BA-B7E23F5185BD}.Release|x64.ActiveCfg = Release|Any CPU
		{3CB6D4BB-E768-4F04-98BA-B7E23F5185BD}.Release|x64.Build.0 = Release|Any CPU
		{3CB6D4BB-E768-4F04-98BA-B7E23F5185BD}.Release|x86.ActiveCfg = Release|Any CPU
		{3CB6D4BB-E768-4F04-98BA-B7E23F5185BD}.Release|x86.Build.0 = Release|Any CPU
		{46CCA13A-1E23-4E0A-976A-494AAE5B1E7A}.Debug|Any CPU.ActiveCfg = Debug|Any CPU
		{46CCA13A-1E23-4E0A-976A-494AAE5B1E7A}.Debug|Any CPU.Build.0 = Debug|Any CPU
		{46CCA13A-1E23-4E0A-976A-494AAE5B1E7A}.Debug|x64.ActiveCfg = Debug|Any CPU
		{46CCA13A-1E23-4E0A-976A-494AAE5B1E7A}.Debug|x64.Build.0 = Debug|Any CPU
		{46CCA13A-1E23-4E0A-976A-494AAE5B1E7A}.Debug|x86.ActiveCfg = Debug|Any CPU
		{46CCA13A-1E23-4E0A-976A-494AAE5B1E7A}.Debug|x86.Build.0 = Debug|Any CPU
		{46CCA13A-1E23-4E0A-976A-494AAE5B1E7A}.Release|Any CPU.ActiveCfg = Release|Any CPU
		{46CCA13A-1E23-4E0A-976A-494AAE5B1E7A}.Release|Any CPU.Build.0 = Release|Any CPU
		{46CCA13A-1E23-4E0A-976A-494AAE5B1E7A}.Release|x64.ActiveCfg = Release|Any CPU
		{46CCA13A-1E23-4E0A-976A-494AAE5B1E7A}.Release|x64.Build.0 = Release|Any CPU
		{46CCA13A-1E23-4E0A-976A-494AAE5B1E7A}.Release|x86.ActiveCfg = Release|Any CPU
		{46CCA13A-1E23-4E0A-976A-494AAE5B1E7A}.Release|x86.Build.0 = Release|Any CPU
		{A75A2140-8D64-41EF-AB3F-841C243E4DE4}.Debug|Any CPU.ActiveCfg = Debug|Any CPU
		{A75A2140-8D64-41EF-AB3F-841C243E4DE4}.Debug|Any CPU.Build.0 = Debug|Any CPU
		{A75A2140-8D64-41EF-AB3F-841C243E4DE4}.Debug|x64.ActiveCfg = Debug|Any CPU
		{A75A2140-8D64-41EF-AB3F-841C243E4DE4}.Debug|x64.Build.0 = Debug|Any CPU
		{A75A2140-8D64-41EF-AB3F-841C243E4DE4}.Debug|x86.ActiveCfg = Debug|Any CPU
		{A75A2140-8D64-41EF-AB3F-841C243E4DE4}.Debug|x86.Build.0 = Debug|Any CPU
		{A75A2140-8D64-41EF-AB3F-841C243E4DE4}.Release|Any CPU.ActiveCfg = Release|Any CPU
		{A75A2140-8D64-41EF-AB3F-841C243E4DE4}.Release|Any CPU.Build.0 = Release|Any CPU
		{A75A2140-8D64-41EF-AB3F-841C243E4DE4}.Release|x64.ActiveCfg = Release|Any CPU
		{A75A2140-8D64-41EF-AB3F-841C243E4DE4}.Release|x64.Build.0 = Release|Any CPU
		{A75A2140-8D64-41EF-AB3F-841C243E4DE4}.Release|x86.ActiveCfg = Release|Any CPU
		{A75A2140-8D64-41EF-AB3F-841C243E4DE4}.Release|x86.Build.0 = Release|Any CPU
		{DCF872D9-04AA-4C35-A99C-592C982AE55F}.Debug|Any CPU.ActiveCfg = Debug|Any CPU
		{DCF872D9-04AA-4C35-A99C-592C982AE55F}.Debug|Any CPU.Build.0 = Debug|Any CPU
		{DCF872D9-04AA-4C35-A99C-592C982AE55F}.Debug|x64.ActiveCfg = Debug|Any CPU
		{DCF872D9-04AA-4C35-A99C-592C982AE55F}.Debug|x64.Build.0 = Debug|Any CPU
		{DCF872D9-04AA-4C35-A99C-592C982AE55F}.Debug|x86.ActiveCfg = Debug|Any CPU
		{DCF872D9-04AA-4C35-A99C-592C982AE55F}.Debug|x86.Build.0 = Debug|Any CPU
		{DCF872D9-04AA-4C35-A99C-592C982AE55F}.Release|Any CPU.ActiveCfg = Release|Any CPU
		{DCF872D9-04AA-4C35-A99C-592C982AE55F}.Release|Any CPU.Build.0 = Release|Any CPU
		{DCF872D9-04AA-4C35-A99C-592C982AE55F}.Release|x64.ActiveCfg = Release|Any CPU
		{DCF872D9-04AA-4C35-A99C-592C982AE55F}.Release|x64.Build.0 = Release|Any CPU
		{DCF872D9-04AA-4C35-A99C-592C982AE55F}.Release|x86.ActiveCfg = Release|Any CPU
		{DCF872D9-04AA-4C35-A99C-592C982AE55F}.Release|x86.Build.0 = Release|Any CPU
		{29813008-50BD-4DBB-B73C-76FDDE87D426}.Debug|Any CPU.ActiveCfg = Debug|Any CPU
		{29813008-50BD-4DBB-B73C-76FDDE87D426}.Debug|Any CPU.Build.0 = Debug|Any CPU
		{29813008-50BD-4DBB-B73C-76FDDE87D426}.Debug|x64.ActiveCfg = Debug|Any CPU
		{29813008-50BD-4DBB-B73C-76FDDE87D426}.Debug|x64.Build.0 = Debug|Any CPU
		{29813008-50BD-4DBB-B73C-76FDDE87D426}.Debug|x86.ActiveCfg = Debug|Any CPU
		{29813008-50BD-4DBB-B73C-76FDDE87D426}.Debug|x86.Build.0 = Debug|Any CPU
		{29813008-50BD-4DBB-B73C-76FDDE87D426}.Release|Any CPU.ActiveCfg = Release|Any CPU
		{29813008-50BD-4DBB-B73C-76FDDE87D426}.Release|Any CPU.Build.0 = Release|Any CPU
		{29813008-50BD-4DBB-B73C-76FDDE87D426}.Release|x64.ActiveCfg = Release|Any CPU
		{29813008-50BD-4DBB-B73C-76FDDE87D426}.Release|x64.Build.0 = Release|Any CPU
		{29813008-50BD-4DBB-B73C-76FDDE87D426}.Release|x86.ActiveCfg = Release|Any CPU
		{29813008-50BD-4DBB-B73C-76FDDE87D426}.Release|x86.Build.0 = Release|Any CPU
		{257089CC-F641-438E-9EA5-CD7F9C903FFB}.Debug|Any CPU.ActiveCfg = Debug|Any CPU
		{257089CC-F641-438E-9EA5-CD7F9C903FFB}.Debug|Any CPU.Build.0 = Debug|Any CPU
		{257089CC-F641-438E-9EA5-CD7F9C903FFB}.Debug|x64.ActiveCfg = Debug|Any CPU
		{257089CC-F641-438E-9EA5-CD7F9C903FFB}.Debug|x64.Build.0 = Debug|Any CPU
		{257089CC-F641-438E-9EA5-CD7F9C903FFB}.Debug|x86.ActiveCfg = Debug|Any CPU
		{257089CC-F641-438E-9EA5-CD7F9C903FFB}.Debug|x86.Build.0 = Debug|Any CPU
		{257089CC-F641-438E-9EA5-CD7F9C903FFB}.Release|Any CPU.ActiveCfg = Release|Any CPU
		{257089CC-F641-438E-9EA5-CD7F9C903FFB}.Release|Any CPU.Build.0 = Release|Any CPU
		{257089CC-F641-438E-9EA5-CD7F9C903FFB}.Release|x64.ActiveCfg = Release|Any CPU
		{257089CC-F641-438E-9EA5-CD7F9C903FFB}.Release|x64.Build.0 = Release|Any CPU
		{257089CC-F641-438E-9EA5-CD7F9C903FFB}.Release|x86.ActiveCfg = Release|Any CPU
		{257089CC-F641-438E-9EA5-CD7F9C903FFB}.Release|x86.Build.0 = Release|Any CPU
		{651CE5E9-8CDC-4279-8458-43D54EB00996}.Debug|Any CPU.ActiveCfg = Debug|Any CPU
		{651CE5E9-8CDC-4279-8458-43D54EB00996}.Debug|Any CPU.Build.0 = Debug|Any CPU
		{651CE5E9-8CDC-4279-8458-43D54EB00996}.Debug|x64.ActiveCfg = Debug|Any CPU
		{651CE5E9-8CDC-4279-8458-43D54EB00996}.Debug|x64.Build.0 = Debug|Any CPU
		{651CE5E9-8CDC-4279-8458-43D54EB00996}.Debug|x86.ActiveCfg = Debug|Any CPU
		{651CE5E9-8CDC-4279-8458-43D54EB00996}.Debug|x86.Build.0 = Debug|Any CPU
		{651CE5E9-8CDC-4279-8458-43D54EB00996}.Release|Any CPU.ActiveCfg = Release|Any CPU
		{651CE5E9-8CDC-4279-8458-43D54EB00996}.Release|Any CPU.Build.0 = Release|Any CPU
		{651CE5E9-8CDC-4279-8458-43D54EB00996}.Release|x64.ActiveCfg = Release|Any CPU
		{651CE5E9-8CDC-4279-8458-43D54EB00996}.Release|x64.Build.0 = Release|Any CPU
		{651CE5E9-8CDC-4279-8458-43D54EB00996}.Release|x86.ActiveCfg = Release|Any CPU
		{651CE5E9-8CDC-4279-8458-43D54EB00996}.Release|x86.Build.0 = Release|Any CPU
		{DF18F69C-BB15-473A-A176-1417B8251846}.Debug|Any CPU.ActiveCfg = Debug|Any CPU
		{DF18F69C-BB15-473A-A176-1417B8251846}.Debug|Any CPU.Build.0 = Debug|Any CPU
		{DF18F69C-BB15-473A-A176-1417B8251846}.Debug|x64.ActiveCfg = Debug|Any CPU
		{DF18F69C-BB15-473A-A176-1417B8251846}.Debug|x64.Build.0 = Debug|Any CPU
		{DF18F69C-BB15-473A-A176-1417B8251846}.Debug|x86.ActiveCfg = Debug|Any CPU
		{DF18F69C-BB15-473A-A176-1417B8251846}.Debug|x86.Build.0 = Debug|Any CPU
		{DF18F69C-BB15-473A-A176-1417B8251846}.Release|Any CPU.ActiveCfg = Release|Any CPU
		{DF18F69C-BB15-473A-A176-1417B8251846}.Release|Any CPU.Build.0 = Release|Any CPU
		{DF18F69C-BB15-473A-A176-1417B8251846}.Release|x64.ActiveCfg = Release|Any CPU
		{DF18F69C-BB15-473A-A176-1417B8251846}.Release|x64.Build.0 = Release|Any CPU
		{DF18F69C-BB15-473A-A176-1417B8251846}.Release|x86.ActiveCfg = Release|Any CPU
		{DF18F69C-BB15-473A-A176-1417B8251846}.Release|x86.Build.0 = Release|Any CPU
	EndGlobalSection
	GlobalSection(SolutionProperties) = preSolution
		HideSolutionNode = FALSE
	EndGlobalSection
	GlobalSection(NestedProjects) = preSolution
		{6AD890F2-CE3C-48E7-AEAE-0384823F00EC} = {827E0CD3-B72D-47B6-A68D-7590B98EB39B}
		{D5524E20-A9F6-4B36-BC98-F30DE3BFFD82} = {827E0CD3-B72D-47B6-A68D-7590B98EB39B}
		{E6D9A6AA-687F-4CFC-A19B-43D3D6414C95} = {827E0CD3-B72D-47B6-A68D-7590B98EB39B}
		{9A1131FE-BEEC-40B8-8887-0BBA785E348E} = {827E0CD3-B72D-47B6-A68D-7590B98EB39B}
		{3CB6D4BB-E768-4F04-98BA-B7E23F5185BD} = {827E0CD3-B72D-47B6-A68D-7590B98EB39B}
		{46CCA13A-1E23-4E0A-976A-494AAE5B1E7A} = {827E0CD3-B72D-47B6-A68D-7590B98EB39B}
		{A75A2140-8D64-41EF-AB3F-841C243E4DE4} = {827E0CD3-B72D-47B6-A68D-7590B98EB39B}
		{DCF872D9-04AA-4C35-A99C-592C982AE55F} = {827E0CD3-B72D-47B6-A68D-7590B98EB39B}
		{29813008-50BD-4DBB-B73C-76FDDE87D426} = {827E0CD3-B72D-47B6-A68D-7590B98EB39B}
		{257089CC-F641-438E-9EA5-CD7F9C903FFB} = {827E0CD3-B72D-47B6-A68D-7590B98EB39B}
		{651CE5E9-8CDC-4279-8458-43D54EB00996} = {827E0CD3-B72D-47B6-A68D-7590B98EB39B}
		{DF18F69C-BB15-473A-A176-1417B8251846} = {827E0CD3-B72D-47B6-A68D-7590B98EB39B}
	EndGlobalSection
EndGlobal
