Microsoft Visual Studio Solution File, Format Version 12.00
# Visual Studio Version 17
VisualStudioVersion = 17.0.31903.59
MinimumVisualStudioVersion = 10.0.40219.1
Project("{2150E333-8FDC-42A3-9474-1A3956D46DE8}") = "src", "src", "{827E0CD3-B72D-47B6-A68D-7590B98EB39B}"
EndProject
Project("{2150E333-8FDC-42A3-9474-1A3956D46DE8}") = "tests", "tests", "{A1B2C3D4-E5F6-7890-ABCD-EF1234567890}"
EndProject
Project("{FAE04EC0-301F-11D3-BF4B-00C04F79EFBC}") = "AIX.Platform.Api", "src\AIX.Platform.Api\AIX.Platform.Api.csproj", "{8A20D767-5531-4682-AACD-98586C4BF77E}"
EndProject
Project("{FAE04EC0-301F-11D3-BF4B-00C04F79EFBC}") = "AIX.Business.Api", "src\AIX.Business.Api\AIX.Business.Api.csproj", "{429A5D43-8F04-4F69-89A8-6F0E731D45C2}"
EndProject
Project("{FAE04EC0-301F-11D3-BF4B-00C04F79EFBC}") = "AIX.SharedKernel", "src\AIX.SharedKernel\AIX.SharedKernel.csproj", "{0C4A619F-D57F-432D-A22C-7E0369B6E49E}"
EndProject
Project("{FAE04EC0-301F-11D3-BF4B-00C04F79EFBC}") = "AIX.Infrastructure", "src\AIX.Infrastructure\AIX.Infrastructure.csproj", "{B38B19BC-4A3D-4B21-999E-0AA219426BC7}"
EndProject
Project("{FAE04EC0-301F-11D3-BF4B-00C04F79EFBC}") = "AIX.Documents", "src\AIX.Documents\AIX.Documents.csproj", "{A48ED73B-EC94-4B19-9EAE-3A8A8B4D5B05}"
EndProject
Project("{FAE04EC0-301F-11D3-BF4B-00C04F79EFBC}") = "AIX.Metadata", "src\AIX.Metadata\AIX.Metadata.csproj", "{2764422E-5485-4B48-97CF-12C3127EF3FA}"
EndProject
Project("{FAE04EC0-301F-11D3-BF4B-00C04F79EFBC}") = "AIX.Governance", "src\AIX.Governance\AIX.Governance.csproj", "{6D229C27-8659-4797-B043-6895664B9EFE}"
EndProject
Project("{FAE04EC0-301F-11D3-BF4B-00C04F79EFBC}") = "AIX.Storage", "src\AIX.Storage\AIX.Storage.csproj", "{B24843FA-CF93-4EDE-B726-350DCE342B02}"
EndProject
Project("{FAE04EC0-301F-11D3-BF4B-00C04F79EFBC}") = "AIX.Search", "src\AIX.Search\AIX.Search.csproj", "{1AC7A351-22BF-4840-BC48-6F301BBC7C76}"
EndProject
Project("{FAE04EC0-301F-11D3-BF4B-00C04F79EFBC}") = "AIX.Workflow", "src\AIX.Workflow\AIX.Workflow.csproj", "{5A93FB56-1439-4EB2-9242-477073E85D3D}"
EndProject
Project("{FAE04EC0-301F-11D3-BF4B-00C04F79EFBC}") = "AIX.Security", "src\AIX.Security\AIX.Security.csproj", "{D91F5F72-FD28-4A14-8DC7-63A7EE02EBD2}"
EndProject
Project("{FAE04EC0-301F-11D3-BF4B-00C04F79EFBC}") = "AIX.ReferenceData", "src\AIX.ReferenceData\AIX.ReferenceData.csproj", "{ADF7C0B8-1541-4CAB-A7B6-D84D75BC75F4}"
EndProject
Project("{FAE04EC0-301F-11D3-BF4B-00C04F79EFBC}") = "AIX.Integrations", "src\AIX.Integrations\AIX.Integrations.csproj", "{3748D105-2B81-474D-BE43-DC497AE40ACD}"
EndProject
Project("{FAE04EC0-301F-11D3-BF4B-00C04F79EFBC}") = "AIX.Platform", "src\AIX.Platform\AIX.Platform.csproj", "{A2C4FF78-0226-483F-9316-7A13E8146DFD}"
EndProject
Project("{FAE04EC0-301F-11D3-BF4B-00C04F79EFBC}") = "AIX.Documents.Tests", "tests\AIX.Documents.Tests\AIX.Documents.Tests.csproj", "{250EBBB3-4ED0-418A-8F92-CD0A59C52223}"
EndProject
Project("{FAE04EC0-301F-11D3-BF4B-00C04F79EFBC}") = "AIX.Metadata.Tests", "tests\AIX.Metadata.Tests\AIX.Metadata.Tests.csproj", "{BB265A0A-36BF-47A9-AA39-68483A79937C}"
EndProject
Project("{FAE04EC0-301F-11D3-BF4B-00C04F79EFBC}") = "AIX.Governance.Tests", "tests\AIX.Governance.Tests\AIX.Governance.Tests.csproj", "{832800EE-E639-451F-889F-1A1E6AE1C50C}"
EndProject
Project("{FAE04EC0-301F-11D3-BF4B-00C04F79EFBC}") = "AIX.Storage.Tests", "tests\AIX.Storage.Tests\AIX.Storage.Tests.csproj", "{16586DBF-D262-4983-93B1-461D0CE8FCD8}"
EndProject
Project("{FAE04EC0-301F-11D3-BF4B-00C04F79EFBC}") = "AIX.Search.Tests", "tests\AIX.Search.Tests\AIX.Search.Tests.csproj", "{5B04F438-6D23-4C9A-B01A-98F89A93EE0A}"
EndProject
Project("{FAE04EC0-301F-11D3-BF4B-00C04F79EFBC}") = "AIX.Workflow.Tests", "tests\AIX.Workflow.Tests\AIX.Workflow.Tests.csproj", "{7441FF53-C563-49AA-AA95-5BD292BA2243}"
EndProject
Project("{FAE04EC0-301F-11D3-BF4B-00C04F79EFBC}") = "AIX.Security.Tests", "tests\AIX.Security.Tests\AIX.Security.Tests.csproj", "{7542B43E-A042-4D58-970F-DB6960449DF3}"
EndProject
Project("{FAE04EC0-301F-11D3-BF4B-00C04F79EFBC}") = "AIX.ReferenceData.Tests", "tests\AIX.ReferenceData.Tests\AIX.ReferenceData.Tests.csproj", "{FE706119-4B15-46D2-A1E5-DD4F061878E1}"
EndProject
Project("{FAE04EC0-301F-11D3-BF4B-00C04F79EFBC}") = "AIX.Integrations.Tests", "tests\AIX.Integrations.Tests\AIX.Integrations.Tests.csproj", "{EF1D1A8F-944F-4ADD-A5F7-CE82EA7BE18A}"
EndProject
Project("{FAE04EC0-301F-11D3-BF4B-00C04F79EFBC}") = "AIX.Platform.Tests", "tests\AIX.Platform.Tests\AIX.Platform.Tests.csproj", "{3D88AA08-8BE9-4CC7-A960-A0207FB8D880}"
EndProject
Project("{FAE04EC0-301F-11D3-BF4B-00C04F79EFBC}") = "AIX.Platform.Api.Tests", "tests\AIX.Platform.Api.Tests\AIX.Platform.Api.Tests.csproj", "{FA31B78D-25A7-4F04-9D32-686C9A78E088}"
EndProject
Project("{FAE04EC0-301F-11D3-BF4B-00C04F79EFBC}") = "AIX.Business.Api.Tests", "tests\AIX.Business.Api.Tests\AIX.Business.Api.Tests.csproj", "{2F7FD4C1-98CC-494A-9AC5-0983C23852A6}"
EndProject
Global
	GlobalSection(SolutionConfigurationPlatforms) = preSolution
		Debug|Any CPU = Debug|Any CPU
		Debug|x64 = Debug|x64
		Debug|x86 = Debug|x86
		Release|Any CPU = Release|Any CPU
		Release|x64 = Release|x64
		Release|x86 = Release|x86
	EndGlobalSection
	GlobalSection(ProjectConfigurationPlatforms) = postSolution
		{8A20D767-5531-4682-AACD-98586C4BF77E}.Debug|Any CPU.ActiveCfg = Debug|Any CPU
		{8A20D767-5531-4682-AACD-98586C4BF77E}.Debug|Any CPU.Build.0 = Debug|Any CPU
		{8A20D767-5531-4682-AACD-98586C4BF77E}.Debug|x64.ActiveCfg = Debug|Any CPU
		{8A20D767-5531-4682-AACD-98586C4BF77E}.Debug|x64.Build.0 = Debug|Any CPU
		{8A20D767-5531-4682-AACD-98586C4BF77E}.Debug|x86.ActiveCfg = Debug|Any CPU
		{8A20D767-5531-4682-AACD-98586C4BF77E}.Debug|x86.Build.0 = Debug|Any CPU
		{8A20D767-5531-4682-AACD-98586C4BF77E}.Release|Any CPU.ActiveCfg = Release|Any CPU
		{8A20D767-5531-4682-AACD-98586C4BF77E}.Release|Any CPU.Build.0 = Release|Any CPU
		{8A20D767-5531-4682-AACD-98586C4BF77E}.Release|x64.ActiveCfg = Release|Any CPU
		{8A20D767-5531-4682-AACD-98586C4BF77E}.Release|x64.Build.0 = Release|Any CPU
		{8A20D767-5531-4682-AACD-98586C4BF77E}.Release|x86.ActiveCfg = Release|Any CPU
		{8A20D767-5531-4682-AACD-98586C4BF77E}.Release|x86.Build.0 = Release|Any CPU
		{429A5D43-8F04-4F69-89A8-6F0E731D45C2}.Debug|Any CPU.ActiveCfg = Debug|Any CPU
		{429A5D43-8F04-4F69-89A8-6F0E731D45C2}.Debug|Any CPU.Build.0 = Debug|Any CPU
		{429A5D43-8F04-4F69-89A8-6F0E731D45C2}.Debug|x64.ActiveCfg = Debug|Any CPU
		{429A5D43-8F04-4F69-89A8-6F0E731D45C2}.Debug|x64.Build.0 = Debug|Any CPU
		{429A5D43-8F04-4F69-89A8-6F0E731D45C2}.Debug|x86.ActiveCfg = Debug|Any CPU
		{429A5D43-8F04-4F69-89A8-6F0E731D45C2}.Debug|x86.Build.0 = Debug|Any CPU
		{429A5D43-8F04-4F69-89A8-6F0E731D45C2}.Release|Any CPU.ActiveCfg = Release|Any CPU
		{429A5D43-8F04-4F69-89A8-6F0E731D45C2}.Release|Any CPU.Build.0 = Release|Any CPU
		{429A5D43-8F04-4F69-89A8-6F0E731D45C2}.Release|x64.ActiveCfg = Release|Any CPU
		{429A5D43-8F04-4F69-89A8-6F0E731D45C2}.Release|x64.Build.0 = Release|Any CPU
		{429A5D43-8F04-4F69-89A8-6F0E731D45C2}.Release|x86.ActiveCfg = Release|Any CPU
		{429A5D43-8F04-4F69-89A8-6F0E731D45C2}.Release|x86.Build.0 = Release|Any CPU
		{0C4A619F-D57F-432D-A22C-7E0369B6E49E}.Debug|Any CPU.ActiveCfg = Debug|Any CPU
		{0C4A619F-D57F-432D-A22C-7E0369B6E49E}.Debug|Any CPU.Build.0 = Debug|Any CPU
		{0C4A619F-D57F-432D-A22C-7E0369B6E49E}.Debug|x64.ActiveCfg = Debug|Any CPU
		{0C4A619F-D57F-432D-A22C-7E0369B6E49E}.Debug|x64.Build.0 = Debug|Any CPU
		{0C4A619F-D57F-432D-A22C-7E0369B6E49E}.Debug|x86.ActiveCfg = Debug|Any CPU
		{0C4A619F-D57F-432D-A22C-7E0369B6E49E}.Debug|x86.Build.0 = Debug|Any CPU
		{0C4A619F-D57F-432D-A22C-7E0369B6E49E}.Release|Any CPU.ActiveCfg = Release|Any CPU
		{0C4A619F-D57F-432D-A22C-7E0369B6E49E}.Release|Any CPU.Build.0 = Release|Any CPU
		{0C4A619F-D57F-432D-A22C-7E0369B6E49E}.Release|x64.ActiveCfg = Release|Any CPU
		{0C4A619F-D57F-432D-A22C-7E0369B6E49E}.Release|x64.Build.0 = Release|Any CPU
		{0C4A619F-D57F-432D-A22C-7E0369B6E49E}.Release|x86.ActiveCfg = Release|Any CPU
		{0C4A619F-D57F-432D-A22C-7E0369B6E49E}.Release|x86.Build.0 = Release|Any CPU
		{B38B19BC-4A3D-4B21-999E-0AA219426BC7}.Debug|Any CPU.ActiveCfg = Debug|Any CPU
		{B38B19BC-4A3D-4B21-999E-0AA219426BC7}.Debug|Any CPU.Build.0 = Debug|Any CPU
		{B38B19BC-4A3D-4B21-999E-0AA219426BC7}.Debug|x64.ActiveCfg = Debug|Any CPU
		{B38B19BC-4A3D-4B21-999E-0AA219426BC7}.Debug|x64.Build.0 = Debug|Any CPU
		{B38B19BC-4A3D-4B21-999E-0AA219426BC7}.Debug|x86.ActiveCfg = Debug|Any CPU
		{B38B19BC-4A3D-4B21-999E-0AA219426BC7}.Debug|x86.Build.0 = Debug|Any CPU
		{B38B19BC-4A3D-4B21-999E-0AA219426BC7}.Release|Any CPU.ActiveCfg = Release|Any CPU
		{B38B19BC-4A3D-4B21-999E-0AA219426BC7}.Release|Any CPU.Build.0 = Release|Any CPU
		{B38B19BC-4A3D-4B21-999E-0AA219426BC7}.Release|x64.ActiveCfg = Release|Any CPU
		{B38B19BC-4A3D-4B21-999E-0AA219426BC7}.Release|x64.Build.0 = Release|Any CPU
		{B38B19BC-4A3D-4B21-999E-0AA219426BC7}.Release|x86.ActiveCfg = Release|Any CPU
		{B38B19BC-4A3D-4B21-999E-0AA219426BC7}.Release|x86.Build.0 = Release|Any CPU
		{A48ED73B-EC94-4B19-9EAE-3A8A8B4D5B05}.Debug|Any CPU.ActiveCfg = Debug|Any CPU
		{A48ED73B-EC94-4B19-9EAE-3A8A8B4D5B05}.Debug|Any CPU.Build.0 = Debug|Any CPU
		{A48ED73B-EC94-4B19-9EAE-3A8A8B4D5B05}.Debug|x64.ActiveCfg = Debug|Any CPU
		{A48ED73B-EC94-4B19-9EAE-3A8A8B4D5B05}.Debug|x64.Build.0 = Debug|Any CPU
		{A48ED73B-EC94-4B19-9EAE-3A8A8B4D5B05}.Debug|x86.ActiveCfg = Debug|Any CPU
		{A48ED73B-EC94-4B19-9EAE-3A8A8B4D5B05}.Debug|x86.Build.0 = Debug|Any CPU
		{A48ED73B-EC94-4B19-9EAE-3A8A8B4D5B05}.Release|Any CPU.ActiveCfg = Release|Any CPU
		{A48ED73B-EC94-4B19-9EAE-3A8A8B4D5B05}.Release|Any CPU.Build.0 = Release|Any CPU
		{A48ED73B-EC94-4B19-9EAE-3A8A8B4D5B05}.Release|x64.ActiveCfg = Release|Any CPU
		{A48ED73B-EC94-4B19-9EAE-3A8A8B4D5B05}.Release|x64.Build.0 = Release|Any CPU
		{A48ED73B-EC94-4B19-9EAE-3A8A8B4D5B05}.Release|x86.ActiveCfg = Release|Any CPU
		{A48ED73B-EC94-4B19-9EAE-3A8A8B4D5B05}.Release|x86.Build.0 = Release|Any CPU
		{2764422E-5485-4B48-97CF-12C3127EF3FA}.Debug|Any CPU.ActiveCfg = Debug|Any CPU
		{2764422E-5485-4B48-97CF-12C3127EF3FA}.Debug|Any CPU.Build.0 = Debug|Any CPU
		{2764422E-5485-4B48-97CF-12C3127EF3FA}.Debug|x64.ActiveCfg = Debug|Any CPU
		{2764422E-5485-4B48-97CF-12C3127EF3FA}.Debug|x64.Build.0 = Debug|Any CPU
		{2764422E-5485-4B48-97CF-12C3127EF3FA}.Debug|x86.ActiveCfg = Debug|Any CPU
		{2764422E-5485-4B48-97CF-12C3127EF3FA}.Debug|x86.Build.0 = Debug|Any CPU
		{2764422E-5485-4B48-97CF-12C3127EF3FA}.Release|Any CPU.ActiveCfg = Release|Any CPU
		{2764422E-5485-4B48-97CF-12C3127EF3FA}.Release|Any CPU.Build.0 = Release|Any CPU
		{2764422E-5485-4B48-97CF-12C3127EF3FA}.Release|x64.ActiveCfg = Release|Any CPU
		{2764422E-5485-4B48-97CF-12C3127EF3FA}.Release|x64.Build.0 = Release|Any CPU
		{2764422E-5485-4B48-97CF-12C3127EF3FA}.Release|x86.ActiveCfg = Release|Any CPU
		{2764422E-5485-4B48-97CF-12C3127EF3FA}.Release|x86.Build.0 = Release|Any CPU
		{6D229C27-8659-4797-B043-6895664B9EFE}.Debug|Any CPU.ActiveCfg = Debug|Any CPU
		{6D229C27-8659-4797-B043-6895664B9EFE}.Debug|Any CPU.Build.0 = Debug|Any CPU
		{6D229C27-8659-4797-B043-6895664B9EFE}.Debug|x64.ActiveCfg = Debug|Any CPU
		{6D229C27-8659-4797-B043-6895664B9EFE}.Debug|x64.Build.0 = Debug|Any CPU
		{6D229C27-8659-4797-B043-6895664B9EFE}.Debug|x86.ActiveCfg = Debug|Any CPU
		{6D229C27-8659-4797-B043-6895664B9EFE}.Debug|x86.Build.0 = Debug|Any CPU
		{6D229C27-8659-4797-B043-6895664B9EFE}.Release|Any CPU.ActiveCfg = Release|Any CPU
		{6D229C27-8659-4797-B043-6895664B9EFE}.Release|Any CPU.Build.0 = Release|Any CPU
		{6D229C27-8659-4797-B043-6895664B9EFE}.Release|x64.ActiveCfg = Release|Any CPU
		{6D229C27-8659-4797-B043-6895664B9EFE}.Release|x64.Build.0 = Release|Any CPU
		{6D229C27-8659-4797-B043-6895664B9EFE}.Release|x86.ActiveCfg = Release|Any CPU
		{6D229C27-8659-4797-B043-6895664B9EFE}.Release|x86.Build.0 = Release|Any CPU
		{B24843FA-CF93-4EDE-B726-350DCE342B02}.Debug|Any CPU.ActiveCfg = Debug|Any CPU
		{B24843FA-CF93-4EDE-B726-350DCE342B02}.Debug|Any CPU.Build.0 = Debug|Any CPU
		{B24843FA-CF93-4EDE-B726-350DCE342B02}.Debug|x64.ActiveCfg = Debug|Any CPU
		{B24843FA-CF93-4EDE-B726-350DCE342B02}.Debug|x64.Build.0 = Debug|Any CPU
		{B24843FA-CF93-4EDE-B726-350DCE342B02}.Debug|x86.ActiveCfg = Debug|Any CPU
		{B24843FA-CF93-4EDE-B726-350DCE342B02}.Debug|x86.Build.0 = Debug|Any CPU
		{B24843FA-CF93-4EDE-B726-350DCE342B02}.Release|Any CPU.ActiveCfg = Release|Any CPU
		{B24843FA-CF93-4EDE-B726-350DCE342B02}.Release|Any CPU.Build.0 = Release|Any CPU
		{B24843FA-CF93-4EDE-B726-350DCE342B02}.Release|x64.ActiveCfg = Release|Any CPU
		{B24843FA-CF93-4EDE-B726-350DCE342B02}.Release|x64.Build.0 = Release|Any CPU
		{B24843FA-CF93-4EDE-B726-350DCE342B02}.Release|x86.ActiveCfg = Release|Any CPU
		{B24843FA-CF93-4EDE-B726-350DCE342B02}.Release|x86.Build.0 = Release|Any CPU
		{1AC7A351-22BF-4840-BC48-6F301BBC7C76}.Debug|Any CPU.ActiveCfg = Debug|Any CPU
		{1AC7A351-22BF-4840-BC48-6F301BBC7C76}.Debug|Any CPU.Build.0 = Debug|Any CPU
		{1AC7A351-22BF-4840-BC48-6F301BBC7C76}.Debug|x64.ActiveCfg = Debug|Any CPU
		{1AC7A351-22BF-4840-BC48-6F301BBC7C76}.Debug|x64.Build.0 = Debug|Any CPU
		{1AC7A351-22BF-4840-BC48-6F301BBC7C76}.Debug|x86.ActiveCfg = Debug|Any CPU
		{1AC7A351-22BF-4840-BC48-6F301BBC7C76}.Debug|x86.Build.0 = Debug|Any CPU
		{1AC7A351-22BF-4840-BC48-6F301BBC7C76}.Release|Any CPU.ActiveCfg = Release|Any CPU
		{1AC7A351-22BF-4840-BC48-6F301BBC7C76}.Release|Any CPU.Build.0 = Release|Any CPU
		{1AC7A351-22BF-4840-BC48-6F301BBC7C76}.Release|x64.ActiveCfg = Release|Any CPU
		{1AC7A351-22BF-4840-BC48-6F301BBC7C76}.Release|x64.Build.0 = Release|Any CPU
		{1AC7A351-22BF-4840-BC48-6F301BBC7C76}.Release|x86.ActiveCfg = Release|Any CPU
		{1AC7A351-22BF-4840-BC48-6F301BBC7C76}.Release|x86.Build.0 = Release|Any CPU
		{5A93FB56-1439-4EB2-9242-477073E85D3D}.Debug|Any CPU.ActiveCfg = Debug|Any CPU
		{5A93FB56-1439-4EB2-9242-477073E85D3D}.Debug|Any CPU.Build.0 = Debug|Any CPU
		{5A93FB56-1439-4EB2-9242-477073E85D3D}.Debug|x64.ActiveCfg = Debug|Any CPU
		{5A93FB56-1439-4EB2-9242-477073E85D3D}.Debug|x64.Build.0 = Debug|Any CPU
		{5A93FB56-1439-4EB2-9242-477073E85D3D}.Debug|x86.ActiveCfg = Debug|Any CPU
		{5A93FB56-1439-4EB2-9242-477073E85D3D}.Debug|x86.Build.0 = Debug|Any CPU
		{5A93FB56-1439-4EB2-9242-477073E85D3D}.Release|Any CPU.ActiveCfg = Release|Any CPU
		{5A93FB56-1439-4EB2-9242-477073E85D3D}.Release|Any CPU.Build.0 = Release|Any CPU
		{5A93FB56-1439-4EB2-9242-477073E85D3D}.Release|x64.ActiveCfg = Release|Any CPU
		{5A93FB56-1439-4EB2-9242-477073E85D3D}.Release|x64.Build.0 = Release|Any CPU
		{5A93FB56-1439-4EB2-9242-477073E85D3D}.Release|x86.ActiveCfg = Release|Any CPU
		{5A93FB56-1439-4EB2-9242-477073E85D3D}.Release|x86.Build.0 = Release|Any CPU
		{D91F5F72-FD28-4A14-8DC7-63A7EE02EBD2}.Debug|Any CPU.ActiveCfg = Debug|Any CPU
		{D91F5F72-FD28-4A14-8DC7-63A7EE02EBD2}.Debug|Any CPU.Build.0 = Debug|Any CPU
		{D91F5F72-FD28-4A14-8DC7-63A7EE02EBD2}.Debug|x64.ActiveCfg = Debug|Any CPU
		{D91F5F72-FD28-4A14-8DC7-63A7EE02EBD2}.Debug|x64.Build.0 = Debug|Any CPU
		{D91F5F72-FD28-4A14-8DC7-63A7EE02EBD2}.Debug|x86.ActiveCfg = Debug|Any CPU
		{D91F5F72-FD28-4A14-8DC7-63A7EE02EBD2}.Debug|x86.Build.0 = Debug|Any CPU
		{D91F5F72-FD28-4A14-8DC7-63A7EE02EBD2}.Release|Any CPU.ActiveCfg = Release|Any CPU
		{D91F5F72-FD28-4A14-8DC7-63A7EE02EBD2}.Release|Any CPU.Build.0 = Release|Any CPU
		{D91F5F72-FD28-4A14-8DC7-63A7EE02EBD2}.Release|x64.ActiveCfg = Release|Any CPU
		{D91F5F72-FD28-4A14-8DC7-63A7EE02EBD2}.Release|x64.Build.0 = Release|Any CPU
		{D91F5F72-FD28-4A14-8DC7-63A7EE02EBD2}.Release|x86.ActiveCfg = Release|Any CPU
		{D91F5F72-FD28-4A14-8DC7-63A7EE02EBD2}.Release|x86.Build.0 = Release|Any CPU
		{ADF7C0B8-1541-4CAB-A7B6-D84D75BC75F4}.Debug|Any CPU.ActiveCfg = Debug|Any CPU
		{ADF7C0B8-1541-4CAB-A7B6-D84D75BC75F4}.Debug|Any CPU.Build.0 = Debug|Any CPU
		{ADF7C0B8-1541-4CAB-A7B6-D84D75BC75F4}.Debug|x64.ActiveCfg = Debug|Any CPU
		{ADF7C0B8-1541-4CAB-A7B6-D84D75BC75F4}.Debug|x64.Build.0 = Debug|Any CPU
		{ADF7C0B8-1541-4CAB-A7B6-D84D75BC75F4}.Debug|x86.ActiveCfg = Debug|Any CPU
		{ADF7C0B8-1541-4CAB-A7B6-D84D75BC75F4}.Debug|x86.Build.0 = Debug|Any CPU
		{ADF7C0B8-1541-4CAB-A7B6-D84D75BC75F4}.Release|Any CPU.ActiveCfg = Release|Any CPU
		{ADF7C0B8-1541-4CAB-A7B6-D84D75BC75F4}.Release|Any CPU.Build.0 = Release|Any CPU
		{ADF7C0B8-1541-4CAB-A7B6-D84D75BC75F4}.Release|x64.ActiveCfg = Release|Any CPU
		{ADF7C0B8-1541-4CAB-A7B6-D84D75BC75F4}.Release|x64.Build.0 = Release|Any CPU
		{ADF7C0B8-1541-4CAB-A7B6-D84D75BC75F4}.Release|x86.ActiveCfg = Release|Any CPU
		{ADF7C0B8-1541-4CAB-A7B6-D84D75BC75F4}.Release|x86.Build.0 = Release|Any CPU
		{3748D105-2B81-474D-BE43-DC497AE40ACD}.Debug|Any CPU.ActiveCfg = Debug|Any CPU
		{3748D105-2B81-474D-BE43-DC497AE40ACD}.Debug|Any CPU.Build.0 = Debug|Any CPU
		{3748D105-2B81-474D-BE43-DC497AE40ACD}.Debug|x64.ActiveCfg = Debug|Any CPU
		{3748D105-2B81-474D-BE43-DC497AE40ACD}.Debug|x64.Build.0 = Debug|Any CPU
		{3748D105-2B81-474D-BE43-DC497AE40ACD}.Debug|x86.ActiveCfg = Debug|Any CPU
		{3748D105-2B81-474D-BE43-DC497AE40ACD}.Debug|x86.Build.0 = Debug|Any CPU
		{3748D105-2B81-474D-BE43-DC497AE40ACD}.Release|Any CPU.ActiveCfg = Release|Any CPU
		{3748D105-2B81-474D-BE43-DC497AE40ACD}.Release|Any CPU.Build.0 = Release|Any CPU
		{3748D105-2B81-474D-BE43-DC497AE40ACD}.Release|x64.ActiveCfg = Release|Any CPU
		{3748D105-2B81-474D-BE43-DC497AE40ACD}.Release|x64.Build.0 = Release|Any CPU
		{3748D105-2B81-474D-BE43-DC497AE40ACD}.Release|x86.ActiveCfg = Release|Any CPU
		{3748D105-2B81-474D-BE43-DC497AE40ACD}.Release|x86.Build.0 = Release|Any CPU
		{A2C4FF78-0226-483F-9316-7A13E8146DFD}.Debug|Any CPU.ActiveCfg = Debug|Any CPU
		{A2C4FF78-0226-483F-9316-7A13E8146DFD}.Debug|Any CPU.Build.0 = Debug|Any CPU
		{A2C4FF78-0226-483F-9316-7A13E8146DFD}.Debug|x64.ActiveCfg = Debug|Any CPU
		{A2C4FF78-0226-483F-9316-7A13E8146DFD}.Debug|x64.Build.0 = Debug|Any CPU
		{A2C4FF78-0226-483F-9316-7A13E8146DFD}.Debug|x86.ActiveCfg = Debug|Any CPU
		{A2C4FF78-0226-483F-9316-7A13E8146DFD}.Debug|x86.Build.0 = Debug|Any CPU
		{A2C4FF78-0226-483F-9316-7A13E8146DFD}.Release|Any CPU.ActiveCfg = Release|Any CPU
		{A2C4FF78-0226-483F-9316-7A13E8146DFD}.Release|Any CPU.Build.0 = Release|Any CPU
		{A2C4FF78-0226-483F-9316-7A13E8146DFD}.Release|x64.ActiveCfg = Release|Any CPU
		{A2C4FF78-0226-483F-9316-7A13E8146DFD}.Release|x64.Build.0 = Release|Any CPU
		{A2C4FF78-0226-483F-9316-7A13E8146DFD}.Release|x86.ActiveCfg = Release|Any CPU
		{A2C4FF78-0226-483F-9316-7A13E8146DFD}.Release|x86.Build.0 = Release|Any CPU
		{250EBBB3-4ED0-418A-8F92-CD0A59C52223}.Debug|Any CPU.ActiveCfg = Debug|Any CPU
		{250EBBB3-4ED0-418A-8F92-CD0A59C52223}.Debug|Any CPU.Build.0 = Debug|Any CPU
		{250EBBB3-4ED0-418A-8F92-CD0A59C52223}.Debug|x64.ActiveCfg = Debug|Any CPU
		{250EBBB3-4ED0-418A-8F92-CD0A59C52223}.Debug|x64.Build.0 = Debug|Any CPU
		{250EBBB3-4ED0-418A-8F92-CD0A59C52223}.Debug|x86.ActiveCfg = Debug|Any CPU
		{250EBBB3-4ED0-418A-8F92-CD0A59C52223}.Debug|x86.Build.0 = Debug|Any CPU
		{250EBBB3-4ED0-418A-8F92-CD0A59C52223}.Release|Any CPU.ActiveCfg = Release|Any CPU
		{250EBBB3-4ED0-418A-8F92-CD0A59C52223}.Release|Any CPU.Build.0 = Release|Any CPU
		{250EBBB3-4ED0-418A-8F92-CD0A59C52223}.Release|x64.ActiveCfg = Release|Any CPU
		{250EBBB3-4ED0-418A-8F92-CD0A59C52223}.Release|x64.Build.0 = Release|Any CPU
		{250EBBB3-4ED0-418A-8F92-CD0A59C52223}.Release|x86.ActiveCfg = Release|Any CPU
		{250EBBB3-4ED0-418A-8F92-CD0A59C52223}.Release|x86.Build.0 = Release|Any CPU
		{BB265A0A-36BF-47A9-AA39-68483A79937C}.Debug|Any CPU.ActiveCfg = Debug|Any CPU
		{BB265A0A-36BF-47A9-AA39-68483A79937C}.Debug|Any CPU.Build.0 = Debug|Any CPU
		{BB265A0A-36BF-47A9-AA39-68483A79937C}.Debug|x64.ActiveCfg = Debug|Any CPU
		{BB265A0A-36BF-47A9-AA39-68483A79937C}.Debug|x64.Build.0 = Debug|Any CPU
		{BB265A0A-36BF-47A9-AA39-68483A79937C}.Debug|x86.ActiveCfg = Debug|Any CPU
		{BB265A0A-36BF-47A9-AA39-68483A79937C}.Debug|x86.Build.0 = Debug|Any CPU
		{BB265A0A-36BF-47A9-AA39-68483A79937C}.Release|Any CPU.ActiveCfg = Release|Any CPU
		{BB265A0A-36BF-47A9-AA39-68483A79937C}.Release|Any CPU.Build.0 = Release|Any CPU
		{BB265A0A-36BF-47A9-AA39-68483A79937C}.Release|x64.ActiveCfg = Release|Any CPU
		{BB265A0A-36BF-47A9-AA39-68483A79937C}.Release|x64.Build.0 = Release|Any CPU
		{BB265A0A-36BF-47A9-AA39-68483A79937C}.Release|x86.ActiveCfg = Release|Any CPU
		{BB265A0A-36BF-47A9-AA39-68483A79937C}.Release|x86.Build.0 = Release|Any CPU
		{832800EE-E639-451F-889F-1A1E6AE1C50C}.Debug|Any CPU.ActiveCfg = Debug|Any CPU
		{832800EE-E639-451F-889F-1A1E6AE1C50C}.Debug|Any CPU.Build.0 = Debug|Any CPU
		{832800EE-E639-451F-889F-1A1E6AE1C50C}.Debug|x64.ActiveCfg = Debug|Any CPU
		{832800EE-E639-451F-889F-1A1E6AE1C50C}.Debug|x64.Build.0 = Debug|Any CPU
		{832800EE-E639-451F-889F-1A1E6AE1C50C}.Debug|x86.ActiveCfg = Debug|Any CPU
		{832800EE-E639-451F-889F-1A1E6AE1C50C}.Debug|x86.Build.0 = Debug|Any CPU
		{832800EE-E639-451F-889F-1A1E6AE1C50C}.Release|Any CPU.ActiveCfg = Release|Any CPU
		{832800EE-E639-451F-889F-1A1E6AE1C50C}.Release|Any CPU.Build.0 = Release|Any CPU
		{832800EE-E639-451F-889F-1A1E6AE1C50C}.Release|x64.ActiveCfg = Release|Any CPU
		{832800EE-E639-451F-889F-1A1E6AE1C50C}.Release|x64.Build.0 = Release|Any CPU
		{832800EE-E639-451F-889F-1A1E6AE1C50C}.Release|x86.ActiveCfg = Release|Any CPU
		{832800EE-E639-451F-889F-1A1E6AE1C50C}.Release|x86.Build.0 = Release|Any CPU
		{16586DBF-D262-4983-93B1-461D0CE8FCD8}.Debug|Any CPU.ActiveCfg = Debug|Any CPU
		{16586DBF-D262-4983-93B1-461D0CE8FCD8}.Debug|Any CPU.Build.0 = Debug|Any CPU
		{16586DBF-D262-4983-93B1-461D0CE8FCD8}.Debug|x64.ActiveCfg = Debug|Any CPU
		{16586DBF-D262-4983-93B1-461D0CE8FCD8}.Debug|x64.Build.0 = Debug|Any CPU
		{16586DBF-D262-4983-93B1-461D0CE8FCD8}.Debug|x86.ActiveCfg = Debug|Any CPU
		{16586DBF-D262-4983-93B1-461D0CE8FCD8}.Debug|x86.Build.0 = Debug|Any CPU
		{16586DBF-D262-4983-93B1-461D0CE8FCD8}.Release|Any CPU.ActiveCfg = Release|Any CPU
		{16586DBF-D262-4983-93B1-461D0CE8FCD8}.Release|Any CPU.Build.0 = Release|Any CPU
		{16586DBF-D262-4983-93B1-461D0CE8FCD8}.Release|x64.ActiveCfg = Release|Any CPU
		{16586DBF-D262-4983-93B1-461D0CE8FCD8}.Release|x64.Build.0 = Release|Any CPU
		{16586DBF-D262-4983-93B1-461D0CE8FCD8}.Release|x86.ActiveCfg = Release|Any CPU
		{16586DBF-D262-4983-93B1-461D0CE8FCD8}.Release|x86.Build.0 = Release|Any CPU
		{5B04F438-6D23-4C9A-B01A-98F89A93EE0A}.Debug|Any CPU.ActiveCfg = Debug|Any CPU
		{5B04F438-6D23-4C9A-B01A-98F89A93EE0A}.Debug|Any CPU.Build.0 = Debug|Any CPU
		{5B04F438-6D23-4C9A-B01A-98F89A93EE0A}.Debug|x64.ActiveCfg = Debug|Any CPU
		{5B04F438-6D23-4C9A-B01A-98F89A93EE0A}.Debug|x64.Build.0 = Debug|Any CPU
		{5B04F438-6D23-4C9A-B01A-98F89A93EE0A}.Debug|x86.ActiveCfg = Debug|Any CPU
		{5B04F438-6D23-4C9A-B01A-98F89A93EE0A}.Debug|x86.Build.0 = Debug|Any CPU
		{5B04F438-6D23-4C9A-B01A-98F89A93EE0A}.Release|Any CPU.ActiveCfg = Release|Any CPU
		{5B04F438-6D23-4C9A-B01A-98F89A93EE0A}.Release|Any CPU.Build.0 = Release|Any CPU
		{5B04F438-6D23-4C9A-B01A-98F89A93EE0A}.Release|x64.ActiveCfg = Release|Any CPU
		{5B04F438-6D23-4C9A-B01A-98F89A93EE0A}.Release|x64.Build.0 = Release|Any CPU
		{5B04F438-6D23-4C9A-B01A-98F89A93EE0A}.Release|x86.ActiveCfg = Release|Any CPU
		{5B04F438-6D23-4C9A-B01A-98F89A93EE0A}.Release|x86.Build.0 = Release|Any CPU
		{7441FF53-C563-49AA-AA95-5BD292BA2243}.Debug|Any CPU.ActiveCfg = Debug|Any CPU
		{7441FF53-C563-49AA-AA95-5BD292BA2243}.Debug|Any CPU.Build.0 = Debug|Any CPU
		{7441FF53-C563-49AA-AA95-5BD292BA2243}.Debug|x64.ActiveCfg = Debug|Any CPU
		{7441FF53-C563-49AA-AA95-5BD292BA2243}.Debug|x64.Build.0 = Debug|Any CPU
		{7441FF53-C563-49AA-AA95-5BD292BA2243}.Debug|x86.ActiveCfg = Debug|Any CPU
		{7441FF53-C563-49AA-AA95-5BD292BA2243}.Debug|x86.Build.0 = Debug|Any CPU
		{7441FF53-C563-49AA-AA95-5BD292BA2243}.Release|Any CPU.ActiveCfg = Release|Any CPU
		{7441FF53-C563-49AA-AA95-5BD292BA2243}.Release|Any CPU.Build.0 = Release|Any CPU
		{7441FF53-C563-49AA-AA95-5BD292BA2243}.Release|x64.ActiveCfg = Release|Any CPU
		{7441FF53-C563-49AA-AA95-5BD292BA2243}.Release|x64.Build.0 = Release|Any CPU
		{7441FF53-C563-49AA-AA95-5BD292BA2243}.Release|x86.ActiveCfg = Release|Any CPU
		{7441FF53-C563-49AA-AA95-5BD292BA2243}.Release|x86.Build.0 = Release|Any CPU
		{7542B43E-A042-4D58-970F-DB6960449DF3}.Debug|Any CPU.ActiveCfg = Debug|Any CPU
		{7542B43E-A042-4D58-970F-DB6960449DF3}.Debug|Any CPU.Build.0 = Debug|Any CPU
		{7542B43E-A042-4D58-970F-DB6960449DF3}.Debug|x64.ActiveCfg = Debug|Any CPU
		{7542B43E-A042-4D58-970F-DB6960449DF3}.Debug|x64.Build.0 = Debug|Any CPU
		{7542B43E-A042-4D58-970F-DB6960449DF3}.Debug|x86.ActiveCfg = Debug|Any CPU
		{7542B43E-A042-4D58-970F-DB6960449DF3}.Debug|x86.Build.0 = Debug|Any CPU
		{7542B43E-A042-4D58-970F-DB6960449DF3}.Release|Any CPU.ActiveCfg = Release|Any CPU
		{7542B43E-A042-4D58-970F-DB6960449DF3}.Release|Any CPU.Build.0 = Release|Any CPU
		{7542B43E-A042-4D58-970F-DB6960449DF3}.Release|x64.ActiveCfg = Release|Any CPU
		{7542B43E-A042-4D58-970F-DB6960449DF3}.Release|x64.Build.0 = Release|Any CPU
		{7542B43E-A042-4D58-970F-DB6960449DF3}.Release|x86.ActiveCfg = Release|Any CPU
		{7542B43E-A042-4D58-970F-DB6960449DF3}.Release|x86.Build.0 = Release|Any CPU
		{FE706119-4B15-46D2-A1E5-DD4F061878E1}.Debug|Any CPU.ActiveCfg = Debug|Any CPU
		{FE706119-4B15-46D2-A1E5-DD4F061878E1}.Debug|Any CPU.Build.0 = Debug|Any CPU
		{FE706119-4B15-46D2-A1E5-DD4F061878E1}.Debug|x64.ActiveCfg = Debug|Any CPU
		{FE706119-4B15-46D2-A1E5-DD4F061878E1}.Debug|x64.Build.0 = Debug|Any CPU
		{FE706119-4B15-46D2-A1E5-DD4F061878E1}.Debug|x86.ActiveCfg = Debug|Any CPU
		{FE706119-4B15-46D2-A1E5-DD4F061878E1}.Debug|x86.Build.0 = Debug|Any CPU
		{FE706119-4B15-46D2-A1E5-DD4F061878E1}.Release|Any CPU.ActiveCfg = Release|Any CPU
		{FE706119-4B15-46D2-A1E5-DD4F061878E1}.Release|Any CPU.Build.0 = Release|Any CPU
		{FE706119-4B15-46D2-A1E5-DD4F061878E1}.Release|x64.ActiveCfg = Release|Any CPU
		{FE706119-4B15-46D2-A1E5-DD4F061878E1}.Release|x64.Build.0 = Release|Any CPU
		{FE706119-4B15-46D2-A1E5-DD4F061878E1}.Release|x86.ActiveCfg = Release|Any CPU
		{FE706119-4B15-46D2-A1E5-DD4F061878E1}.Release|x86.Build.0 = Release|Any CPU
		{EF1D1A8F-944F-4ADD-A5F7-CE82EA7BE18A}.Debug|Any CPU.ActiveCfg = Debug|Any CPU
		{EF1D1A8F-944F-4ADD-A5F7-CE82EA7BE18A}.Debug|Any CPU.Build.0 = Debug|Any CPU
		{EF1D1A8F-944F-4ADD-A5F7-CE82EA7BE18A}.Debug|x64.ActiveCfg = Debug|Any CPU
		{EF1D1A8F-944F-4ADD-A5F7-CE82EA7BE18A}.Debug|x64.Build.0 = Debug|Any CPU
		{EF1D1A8F-944F-4ADD-A5F7-CE82EA7BE18A}.Debug|x86.ActiveCfg = Debug|Any CPU
		{EF1D1A8F-944F-4ADD-A5F7-CE82EA7BE18A}.Debug|x86.Build.0 = Debug|Any CPU
		{EF1D1A8F-944F-4ADD-A5F7-CE82EA7BE18A}.Release|Any CPU.ActiveCfg = Release|Any CPU
		{EF1D1A8F-944F-4ADD-A5F7-CE82EA7BE18A}.Release|Any CPU.Build.0 = Release|Any CPU
		{EF1D1A8F-944F-4ADD-A5F7-CE82EA7BE18A}.Release|x64.ActiveCfg = Release|Any CPU
		{EF1D1A8F-944F-4ADD-A5F7-CE82EA7BE18A}.Release|x64.Build.0 = Release|Any CPU
		{EF1D1A8F-944F-4ADD-A5F7-CE82EA7BE18A}.Release|x86.ActiveCfg = Release|Any CPU
		{EF1D1A8F-944F-4ADD-A5F7-CE82EA7BE18A}.Release|x86.Build.0 = Release|Any CPU
		{3D88AA08-8BE9-4CC7-A960-A0207FB8D880}.Debug|Any CPU.ActiveCfg = Debug|Any CPU
		{3D88AA08-8BE9-4CC7-A960-A0207FB8D880}.Debug|Any CPU.Build.0 = Debug|Any CPU
		{3D88AA08-8BE9-4CC7-A960-A0207FB8D880}.Debug|x64.ActiveCfg = Debug|Any CPU
		{3D88AA08-8BE9-4CC7-A960-A0207FB8D880}.Debug|x64.Build.0 = Debug|Any CPU
		{3D88AA08-8BE9-4CC7-A960-A0207FB8D880}.Debug|x86.ActiveCfg = Debug|Any CPU
		{3D88AA08-8BE9-4CC7-A960-A0207FB8D880}.Debug|x86.Build.0 = Debug|Any CPU
		{3D88AA08-8BE9-4CC7-A960-A0207FB8D880}.Release|Any CPU.ActiveCfg = Release|Any CPU
		{3D88AA08-8BE9-4CC7-A960-A0207FB8D880}.Release|Any CPU.Build.0 = Release|Any CPU
		{3D88AA08-8BE9-4CC7-A960-A0207FB8D880}.Release|x64.ActiveCfg = Release|Any CPU
		{3D88AA08-8BE9-4CC7-A960-A0207FB8D880}.Release|x64.Build.0 = Release|Any CPU
		{3D88AA08-8BE9-4CC7-A960-A0207FB8D880}.Release|x86.ActiveCfg = Release|Any CPU
		{3D88AA08-8BE9-4CC7-A960-A0207FB8D880}.Release|x86.Build.0 = Release|Any CPU
		{FA31B78D-25A7-4F04-9D32-686C9A78E088}.Debug|Any CPU.ActiveCfg = Debug|Any CPU
		{FA31B78D-25A7-4F04-9D32-686C9A78E088}.Debug|Any CPU.Build.0 = Debug|Any CPU
		{FA31B78D-25A7-4F04-9D32-686C9A78E088}.Debug|x64.ActiveCfg = Debug|Any CPU
		{FA31B78D-25A7-4F04-9D32-686C9A78E088}.Debug|x64.Build.0 = Debug|Any CPU
		{FA31B78D-25A7-4F04-9D32-686C9A78E088}.Debug|x86.ActiveCfg = Debug|Any CPU
		{FA31B78D-25A7-4F04-9D32-686C9A78E088}.Debug|x86.Build.0 = Debug|Any CPU
		{FA31B78D-25A7-4F04-9D32-686C9A78E088}.Release|Any CPU.ActiveCfg = Release|Any CPU
		{FA31B78D-25A7-4F04-9D32-686C9A78E088}.Release|Any CPU.Build.0 = Release|Any CPU
		{FA31B78D-25A7-4F04-9D32-686C9A78E088}.Release|x64.ActiveCfg = Release|Any CPU
		{FA31B78D-25A7-4F04-9D32-686C9A78E088}.Release|x64.Build.0 = Release|Any CPU
		{FA31B78D-25A7-4F04-9D32-686C9A78E088}.Release|x86.ActiveCfg = Release|Any CPU
		{FA31B78D-25A7-4F04-9D32-686C9A78E088}.Release|x86.Build.0 = Release|Any CPU
		{2F7FD4C1-98CC-494A-9AC5-0983C23852A6}.Debug|Any CPU.ActiveCfg = Debug|Any CPU
		{2F7FD4C1-98CC-494A-9AC5-0983C23852A6}.Debug|Any CPU.Build.0 = Debug|Any CPU
		{2F7FD4C1-98CC-494A-9AC5-0983C23852A6}.Debug|x64.ActiveCfg = Debug|Any CPU
		{2F7FD4C1-98CC-494A-9AC5-0983C23852A6}.Debug|x64.Build.0 = Debug|Any CPU
		{2F7FD4C1-98CC-494A-9AC5-0983C23852A6}.Debug|x86.ActiveCfg = Debug|Any CPU
		{2F7FD4C1-98CC-494A-9AC5-0983C23852A6}.Debug|x86.Build.0 = Debug|Any CPU
		{2F7FD4C1-98CC-494A-9AC5-0983C23852A6}.Release|Any CPU.ActiveCfg = Release|Any CPU
		{2F7FD4C1-98CC-494A-9AC5-0983C23852A6}.Release|Any CPU.Build.0 = Release|Any CPU
		{2F7FD4C1-98CC-494A-9AC5-0983C23852A6}.Release|x64.ActiveCfg = Release|Any CPU
		{2F7FD4C1-98CC-494A-9AC5-0983C23852A6}.Release|x64.Build.0 = Release|Any CPU
		{2F7FD4C1-98CC-494A-9AC5-0983C23852A6}.Release|x86.ActiveCfg = Release|Any CPU
		{2F7FD4C1-98CC-494A-9AC5-0983C23852A6}.Release|x86.Build.0 = Release|Any CPU
	EndGlobalSection
	GlobalSection(SolutionProperties) = preSolution
		HideSolutionNode = FALSE
	EndGlobalSection
	GlobalSection(NestedProjects) = preSolution
		{8A20D767-5531-4682-AACD-98586C4BF77E} = {827E0CD3-B72D-47B6-A68D-7590B98EB39B}
		{429A5D43-8F04-4F69-89A8-6F0E731D45C2} = {827E0CD3-B72D-47B6-A68D-7590B98EB39B}
		{0C4A619F-D57F-432D-A22C-7E0369B6E49E} = {827E0CD3-B72D-47B6-A68D-7590B98EB39B}
		{B38B19BC-4A3D-4B21-999E-0AA219426BC7} = {827E0CD3-B72D-47B6-A68D-7590B98EB39B}
		{A48ED73B-EC94-4B19-9EAE-3A8A8B4D5B05} = {827E0CD3-B72D-47B6-A68D-7590B98EB39B}
		{2764422E-5485-4B48-97CF-12C3127EF3FA} = {827E0CD3-B72D-47B6-A68D-7590B98EB39B}
		{6D229C27-8659-4797-B043-6895664B9EFE} = {827E0CD3-B72D-47B6-A68D-7590B98EB39B}
		{B24843FA-CF93-4EDE-B726-350DCE342B02} = {827E0CD3-B72D-47B6-A68D-7590B98EB39B}
		{1AC7A351-22BF-4840-BC48-6F301BBC7C76} = {827E0CD3-B72D-47B6-A68D-7590B98EB39B}
		{5A93FB56-1439-4EB2-9242-477073E85D3D} = {827E0CD3-B72D-47B6-A68D-7590B98EB39B}
		{D91F5F72-FD28-4A14-8DC7-63A7EE02EBD2} = {827E0CD3-B72D-47B6-A68D-7590B98EB39B}
		{ADF7C0B8-1541-4CAB-A7B6-D84D75BC75F4} = {827E0CD3-B72D-47B6-A68D-7590B98EB39B}
		{3748D105-2B81-474D-BE43-DC497AE40ACD} = {827E0CD3-B72D-47B6-A68D-7590B98EB39B}
		{A2C4FF78-0226-483F-9316-7A13E8146DFD} = {827E0CD3-B72D-47B6-A68D-7590B98EB39B}
		{250EBBB3-4ED0-418A-8F92-CD0A59C52223} = {A1B2C3D4-E5F6-7890-ABCD-EF1234567890}
		{BB265A0A-36BF-47A9-AA39-68483A79937C} = {A1B2C3D4-E5F6-7890-ABCD-EF1234567890}
		{832800EE-E639-451F-889F-1A1E6AE1C50C} = {A1B2C3D4-E5F6-7890-ABCD-EF1234567890}
		{16586DBF-D262-4983-93B1-461D0CE8FCD8} = {A1B2C3D4-E5F6-7890-ABCD-EF1234567890}
		{5B04F438-6D23-4C9A-B01A-98F89A93EE0A} = {A1B2C3D4-E5F6-7890-ABCD-EF1234567890}
		{7441FF53-C563-49AA-AA95-5BD292BA2243} = {A1B2C3D4-E5F6-7890-ABCD-EF1234567890}
		{7542B43E-A042-4D58-970F-DB6960449DF3} = {A1B2C3D4-E5F6-7890-ABCD-EF1234567890}
		{FE706119-4B15-46D2-A1E5-DD4F061878E1} = {A1B2C3D4-E5F6-7890-ABCD-EF1234567890}
		{EF1D1A8F-944F-4ADD-A5F7-CE82EA7BE18A} = {A1B2C3D4-E5F6-7890-ABCD-EF1234567890}
		{3D88AA08-8BE9-4CC7-A960-A0207FB8D880} = {A1B2C3D4-E5F6-7890-ABCD-EF1234567890}
		{FA31B78D-25A7-4F04-9D32-686C9A78E088} = {A1B2C3D4-E5F6-7890-ABCD-EF1234567890}
		{2F7FD4C1-98CC-494A-9AC5-0983C23852A6} = {A1B2C3D4-E5F6-7890-ABCD-EF1234567890}
	EndGlobalSection
EndGlobal
